
Microsoft Visual Studio Solution File, Format Version 12.00
# Visual Studio 14
VisualStudioVersion = 14.0.22823.1
MinimumVisualStudioVersion = 10.0.40219.1
Project("{FAE04EC0-301F-11D3-BF4B-00C04F79EFBC}") = "JsonInduction", "JsonInduction\JsonInduction.csproj", "{2FF47798-B866-4AD4-B9F7-BB959A108977}"
EndProject
Project("{FAE04EC0-301F-11D3-BF4B-00C04F79EFBC}") = "JsonInduction.UnitTests", "JsonInduction.UnitTests\JsonInduction.UnitTests.csproj", "{1693310B-DEC6-46C2-94C3-709214BA8409}"
EndProject
Global
	GlobalSection(SolutionConfigurationPlatforms) = preSolution
		Debug|Any CPU = Debug|Any CPU
		Release|Any CPU = Release|Any CPU
	EndGlobalSection
	GlobalSection(ProjectConfigurationPlatforms) = postSolution
		{2FF47798-B866-4AD4-B9F7-BB959A108977}.Debug|Any CPU.ActiveCfg = Debug|Any CPU
		{2FF47798-B866-4AD4-B9F7-BB959A108977}.Debug|Any CPU.Build.0 = Debug|Any CPU
		{2FF47798-B866-4AD4-B9F7-BB959A108977}.Release|Any CPU.ActiveCfg = Release|Any CPU
		{2FF47798-B866-4AD4-B9F7-BB959A108977}.Release|Any CPU.Build.0 = Release|Any CPU
		{1693310B-DEC6-46C2-94C3-709214BA8409}.Debug|Any CPU.ActiveCfg = Debug|Any CPU
		{1693310B-DEC6-46C2-94C3-709214BA8409}.Debug|Any CPU.Build.0 = Debug|Any CPU
		{1693310B-DEC6-46C2-94C3-709214BA8409}.Release|Any CPU.ActiveCfg = Release|Any CPU
		{1693310B-DEC6-46C2-94C3-709214BA8409}.Release|Any CPU.Build.0 = Release|Any CPU
	EndGlobalSection
	GlobalSection(SolutionProperties) = preSolution
		HideSolutionNode = FALSE
	EndGlobalSection
EndGlobal
